// !$*UTF8*$!
{
	archiveVersion = 1;
	classes = {
	};
	objectVersion = 46;
	objects = {

/* Begin PBXBuildFile section */
		EC49A7D71A1E1432007ADDD3 /* boost_example.cpp in Sources */ = {isa = PBXBuildFile; fileRef = EC49A7D51A1E1432007ADDD3 /* boost_example.cpp */; };
		EC49A7DB1A25A803007ADDD3 /* cinder_example.cpp in Sources */ = {isa = PBXBuildFile; fileRef = EC49A7D91A25A803007ADDD3 /* cinder_example.cpp */; };
		EC49A7E41A283323007ADDD3 /* libcinder.a in Frameworks */ = {isa = PBXBuildFile; fileRef = EC49A7E31A283323007ADDD3 /* libcinder.a */; };
		EC49A7E81A283481007ADDD3 /* Accelerate.framework in Frameworks */ = {isa = PBXBuildFile; fileRef = EC49A7E51A283481007ADDD3 /* Accelerate.framework */; };
		EC49A7E91A283481007ADDD3 /* AudioToolbox.framework in Frameworks */ = {isa = PBXBuildFile; fileRef = EC49A7E61A283481007ADDD3 /* AudioToolbox.framework */; };
		EC49A7EA1A283481007ADDD3 /* AudioUnit.framework in Frameworks */ = {isa = PBXBuildFile; fileRef = EC49A7E71A283481007ADDD3 /* AudioUnit.framework */; };
		EC49A7EC1A283486007ADDD3 /* QTKit.framework in Frameworks */ = {isa = PBXBuildFile; fileRef = EC49A7EB1A283486007ADDD3 /* QTKit.framework */; };
		EC49A7ED1A28348C007ADDD3 /* Cocoa.framework in Frameworks */ = {isa = PBXBuildFile; fileRef = EC49A7E01A27FC0B007ADDD3 /* Cocoa.framework */; };
		EC49A7EE1A28348C007ADDD3 /* OpenGL.framework in Frameworks */ = {isa = PBXBuildFile; fileRef = EC49A7DE1A27FBC2007ADDD3 /* OpenGL.framework */; };
		EC49A7F11A28349D007ADDD3 /* CoreAudio.framework in Frameworks */ = {isa = PBXBuildFile; fileRef = EC49A7EF1A28349D007ADDD3 /* CoreAudio.framework */; };
		EC49A7F21A28349D007ADDD3 /* CoreVideo.framework in Frameworks */ = {isa = PBXBuildFile; fileRef = EC49A7F01A28349D007ADDD3 /* CoreVideo.framework */; };
		EC810FAE1A1DF3F40025510A /* main.cpp in Sources */ = {isa = PBXBuildFile; fileRef = EC810FAD1A1DF3F40025510A /* main.cpp */; };
/* End PBXBuildFile section */

/* Begin PBXCopyFilesBuildPhase section */
		EC810FA81A1DF3F40025510A /* CopyFiles */ = {
			isa = PBXCopyFilesBuildPhase;
			buildActionMask = 2147483647;
			dstPath = /usr/share/man/man1/;
			dstSubfolderSpec = 0;
			files = (
			);
			runOnlyForDeploymentPostprocessing = 1;
		};
/* End PBXCopyFilesBuildPhase section */

/* Begin PBXFileReference section */
		EC49A7D51A1E1432007ADDD3 /* boost_example.cpp */ = {isa = PBXFileReference; fileEncoding = 4; lastKnownFileType = sourcecode.cpp.cpp; path = boost_example.cpp; sourceTree = "<group>"; };
		EC49A7D61A1E1432007ADDD3 /* boost_example.h */ = {isa = PBXFileReference; fileEncoding = 4; lastKnownFileType = sourcecode.c.h; path = boost_example.h; sourceTree = "<group>"; };
		EC49A7D91A25A803007ADDD3 /* cinder_example.cpp */ = {isa = PBXFileReference; fileEncoding = 4; lastKnownFileType = sourcecode.cpp.cpp; path = cinder_example.cpp; sourceTree = "<group>"; };
		EC49A7DA1A25A803007ADDD3 /* cinder_example.h */ = {isa = PBXFileReference; fileEncoding = 4; lastKnownFileType = sourcecode.c.h; path = cinder_example.h; sourceTree = "<group>"; };
		EC49A7DE1A27FBC2007ADDD3 /* OpenGL.framework */ = {isa = PBXFileReference; lastKnownFileType = wrapper.framework; name = OpenGL.framework; path = System/Library/Frameworks/OpenGL.framework; sourceTree = SDKROOT; };
		EC49A7E01A27FC0B007ADDD3 /* Cocoa.framework */ = {isa = PBXFileReference; lastKnownFileType = wrapper.framework; name = Cocoa.framework; path = System/Library/Frameworks/Cocoa.framework; sourceTree = SDKROOT; };
		EC49A7E31A283323007ADDD3 /* libcinder.a */ = {isa = PBXFileReference; lastKnownFileType = archive.ar; name = libcinder.a; path = Cinder/lib/libcinder.a; sourceTree = "<group>"; };
		EC49A7E51A283481007ADDD3 /* Accelerate.framework */ = {isa = PBXFileReference; lastKnownFileType = wrapper.framework; name = Accelerate.framework; path = System/Library/Frameworks/Accelerate.framework; sourceTree = SDKROOT; };
		EC49A7E61A283481007ADDD3 /* AudioToolbox.framework */ = {isa = PBXFileReference; lastKnownFileType = wrapper.framework; name = AudioToolbox.framework; path = System/Library/Frameworks/AudioToolbox.framework; sourceTree = SDKROOT; };
		EC49A7E71A283481007ADDD3 /* AudioUnit.framework */ = {isa = PBXFileReference; lastKnownFileType = wrapper.framework; name = AudioUnit.framework; path = System/Library/Frameworks/AudioUnit.framework; sourceTree = SDKROOT; };
		EC49A7EB1A283486007ADDD3 /* QTKit.framework */ = {isa = PBXFileReference; lastKnownFileType = wrapper.framework; name = QTKit.framework; path = System/Library/Frameworks/QTKit.framework; sourceTree = SDKROOT; };
		EC49A7EF1A28349D007ADDD3 /* CoreAudio.framework */ = {isa = PBXFileReference; lastKnownFileType = wrapper.framework; name = CoreAudio.framework; path = System/Library/Frameworks/CoreAudio.framework; sourceTree = SDKROOT; };
		EC49A7F01A28349D007ADDD3 /* CoreVideo.framework */ = {isa = PBXFileReference; lastKnownFileType = wrapper.framework; name = CoreVideo.framework; path = System/Library/Frameworks/CoreVideo.framework; sourceTree = SDKROOT; };
		EC810FAA1A1DF3F40025510A /* cinder_boost_practice */ = {isa = PBXFileReference; explicitFileType = "compiled.mach-o.executable"; includeInIndex = 0; path = cinder_boost_practice; sourceTree = BUILT_PRODUCTS_DIR; };
		EC810FAD1A1DF3F40025510A /* main.cpp */ = {isa = PBXFileReference; lastKnownFileType = sourcecode.cpp.cpp; path = main.cpp; sourceTree = "<group>"; };
/* End PBXFileReference section */

/* Begin PBXFrameworksBuildPhase section */
		EC810FA71A1DF3F40025510A /* Frameworks */ = {
			isa = PBXFrameworksBuildPhase;
			buildActionMask = 2147483647;
			files = (
				EC49A7F11A28349D007ADDD3 /* CoreAudio.framework in Frameworks */,
				EC49A7F21A28349D007ADDD3 /* CoreVideo.framework in Frameworks */,
				EC49A7EC1A283486007ADDD3 /* QTKit.framework in Frameworks */,
				EC49A7ED1A28348C007ADDD3 /* Cocoa.framework in Frameworks */,
				EC49A7EE1A28348C007ADDD3 /* OpenGL.framework in Frameworks */,
				EC49A7E81A283481007ADDD3 /* Accelerate.framework in Frameworks */,
				EC49A7E91A283481007ADDD3 /* AudioToolbox.framework in Frameworks */,
				EC49A7EA1A283481007ADDD3 /* AudioUnit.framework in Frameworks */,
				EC49A7E41A283323007ADDD3 /* libcinder.a in Frameworks */,
			);
			runOnlyForDeploymentPostprocessing = 0;
		};
/* End PBXFrameworksBuildPhase section */

/* Begin PBXGroup section */
		EC810FA11A1DF3F40025510A = {
			isa = PBXGroup;
			children = (
				EC49A7EF1A28349D007ADDD3 /* CoreAudio.framework */,
				EC49A7F01A28349D007ADDD3 /* CoreVideo.framework */,
				EC49A7EB1A283486007ADDD3 /* QTKit.framework */,
				EC49A7E51A283481007ADDD3 /* Accelerate.framework */,
				EC49A7E61A283481007ADDD3 /* AudioToolbox.framework */,
				EC49A7E71A283481007ADDD3 /* AudioUnit.framework */,
				EC49A7E31A283323007ADDD3 /* libcinder.a */,
				EC49A7E01A27FC0B007ADDD3 /* Cocoa.framework */,
				EC49A7DE1A27FBC2007ADDD3 /* OpenGL.framework */,
				EC810FAC1A1DF3F40025510A /* cinder_boost_practice */,
				EC810FAB1A1DF3F40025510A /* Products */,
			);
			sourceTree = "<group>";
		};
		EC810FAB1A1DF3F40025510A /* Products */ = {
			isa = PBXGroup;
			children = (
				EC810FAA1A1DF3F40025510A /* cinder_boost_practice */,
			);
			name = Products;
			sourceTree = "<group>";
		};
		EC810FAC1A1DF3F40025510A /* cinder_boost_practice */ = {
			isa = PBXGroup;
			children = (
				EC810FAD1A1DF3F40025510A /* main.cpp */,
				EC49A7D51A1E1432007ADDD3 /* boost_example.cpp */,
				EC49A7D61A1E1432007ADDD3 /* boost_example.h */,
				EC49A7D91A25A803007ADDD3 /* cinder_example.cpp */,
				EC49A7DA1A25A803007ADDD3 /* cinder_example.h */,
			);
			path = cinder_boost_practice;
			sourceTree = "<group>";
		};
/* End PBXGroup section */

/* Begin PBXNativeTarget section */
		EC810FA91A1DF3F40025510A /* cinder_boost_practice */ = {
			isa = PBXNativeTarget;
			buildConfigurationList = EC810FB11A1DF3F40025510A /* Build configuration list for PBXNativeTarget "cinder_boost_practice" */;
			buildPhases = (
				EC810FA61A1DF3F40025510A /* Sources */,
				EC810FA71A1DF3F40025510A /* Frameworks */,
				EC810FA81A1DF3F40025510A /* CopyFiles */,
			);
			buildRules = (
			);
			dependencies = (
			);
			name = cinder_boost_practice;
			productName = cinder_boost_practice;
			productReference = EC810FAA1A1DF3F40025510A /* cinder_boost_practice */;
			productType = "com.apple.product-type.tool";
		};
/* End PBXNativeTarget section */

/* Begin PBXProject section */
		EC810FA21A1DF3F40025510A /* Project object */ = {
			isa = PBXProject;
			attributes = {
				LastUpgradeCheck = 0610;
				ORGANIZATIONNAME = takram;
				TargetAttributes = {
					EC810FA91A1DF3F40025510A = {
						CreatedOnToolsVersion = 6.1;
					};
				};
			};
			buildConfigurationList = EC810FA51A1DF3F40025510A /* Build configuration list for PBXProject "cinder_boost_practice" */;
			compatibilityVersion = "Xcode 3.2";
			developmentRegion = English;
			hasScannedForEncodings = 0;
			knownRegions = (
				en,
			);
			mainGroup = EC810FA11A1DF3F40025510A;
			productRefGroup = EC810FAB1A1DF3F40025510A /* Products */;
			projectDirPath = "";
			projectRoot = "";
			targets = (
				EC810FA91A1DF3F40025510A /* cinder_boost_practice */,
			);
		};
/* End PBXProject section */

/* Begin PBXSourcesBuildPhase section */
		EC810FA61A1DF3F40025510A /* Sources */ = {
			isa = PBXSourcesBuildPhase;
			buildActionMask = 2147483647;
			files = (
				EC49A7D71A1E1432007ADDD3 /* boost_example.cpp in Sources */,
				EC49A7DB1A25A803007ADDD3 /* cinder_example.cpp in Sources */,
				EC810FAE1A1DF3F40025510A /* main.cpp in Sources */,
			);
			runOnlyForDeploymentPostprocessing = 0;
		};
/* End PBXSourcesBuildPhase section */

/* Begin XCBuildConfiguration section */
		EC810FAF1A1DF3F40025510A /* Debug */ = {
			isa = XCBuildConfiguration;
			buildSettings = {
				ALWAYS_SEARCH_USER_PATHS = NO;
				CLANG_CXX_LANGUAGE_STANDARD = "gnu++0x";
				CLANG_CXX_LIBRARY = "libc++";
				CLANG_ENABLE_MODULES = YES;
				CLANG_ENABLE_OBJC_ARC = YES;
				CLANG_WARN_BOOL_CONVERSION = YES;
				CLANG_WARN_CONSTANT_CONVERSION = YES;
				CLANG_WARN_DIRECT_OBJC_ISA_USAGE = YES_ERROR;
				CLANG_WARN_EMPTY_BODY = YES;
				CLANG_WARN_ENUM_CONVERSION = YES;
				CLANG_WARN_INT_CONVERSION = YES;
				CLANG_WARN_OBJC_ROOT_CLASS = YES_ERROR;
				CLANG_WARN_UNREACHABLE_CODE = YES;
				CLANG_WARN__DUPLICATE_METHOD_MATCH = YES;
				COPY_PHASE_STRIP = NO;
				ENABLE_STRICT_OBJC_MSGSEND = YES;
				GCC_C_LANGUAGE_STANDARD = gnu99;
				GCC_DYNAMIC_NO_PIC = NO;
				GCC_OPTIMIZATION_LEVEL = 0;
				GCC_PREPROCESSOR_DEFINITIONS = (
					"DEBUG=1",
					"$(inherited)",
				);
				GCC_SYMBOLS_PRIVATE_EXTERN = NO;
				GCC_WARN_64_TO_32_BIT_CONVERSION = YES;
				GCC_WARN_ABOUT_RETURN_TYPE = YES_ERROR;
				GCC_WARN_UNDECLARED_SELECTOR = YES;
				GCC_WARN_UNINITIALIZED_AUTOS = YES_AGGRESSIVE;
				GCC_WARN_UNUSED_FUNCTION = YES;
				GCC_WARN_UNUSED_VARIABLE = YES;
				HEADER_SEARCH_PATHS = (
					"$(inherited)",
					/Applications/Xcode.app/Contents/Developer/Toolchains/XcodeDefault.xctoolchain/usr/include,
					./Cinder/include,
				);
				LIBRARY_SEARCH_PATHS = ./Cinder/lib;
				MACOSX_DEPLOYMENT_TARGET = 10.9;
				MTL_ENABLE_DEBUG_INFO = YES;
				ONLY_ACTIVE_ARCH = YES;
				SDKROOT = macosx;
			};
			name = Debug;
		};
		EC810FB01A1DF3F40025510A /* Release */ = {
			isa = XCBuildConfiguration;
			buildSettings = {
				ALWAYS_SEARCH_USER_PATHS = NO;
				CLANG_CXX_LANGUAGE_STANDARD = "gnu++0x";
				CLANG_CXX_LIBRARY = "libc++";
				CLANG_ENABLE_MODULES = YES;
				CLANG_ENABLE_OBJC_ARC = YES;
				CLANG_WARN_BOOL_CONVERSION = YES;
				CLANG_WARN_CONSTANT_CONVERSION = YES;
				CLANG_WARN_DIRECT_OBJC_ISA_USAGE = YES_ERROR;
				CLANG_WARN_EMPTY_BODY = YES;
				CLANG_WARN_ENUM_CONVERSION = YES;
				CLANG_WARN_INT_CONVERSION = YES;
				CLANG_WARN_OBJC_ROOT_CLASS = YES_ERROR;
				CLANG_WARN_UNREACHABLE_CODE = YES;
				CLANG_WARN__DUPLICATE_METHOD_MATCH = YES;
				COPY_PHASE_STRIP = YES;
				DEBUG_INFORMATION_FORMAT = "dwarf-with-dsym";
				ENABLE_NS_ASSERTIONS = NO;
				ENABLE_STRICT_OBJC_MSGSEND = YES;
				GCC_C_LANGUAGE_STANDARD = gnu99;
				GCC_WARN_64_TO_32_BIT_CONVERSION = YES;
				GCC_WARN_ABOUT_RETURN_TYPE = YES_ERROR;
				GCC_WARN_UNDECLARED_SELECTOR = YES;
				GCC_WARN_UNINITIALIZED_AUTOS = YES_AGGRESSIVE;
				GCC_WARN_UNUSED_FUNCTION = YES;
				GCC_WARN_UNUSED_VARIABLE = YES;
				HEADER_SEARCH_PATHS = (
					"$(inherited)",
					/Applications/Xcode.app/Contents/Developer/Toolchains/XcodeDefault.xctoolchain/usr/include,
					./Cinder/include,
				);
				LIBRARY_SEARCH_PATHS = ./Cinder/lib;
				MACOSX_DEPLOYMENT_TARGET = 10.9;
				MTL_ENABLE_DEBUG_INFO = NO;
				SDKROOT = macosx;
			};
			name = Release;
		};
		EC810FB21A1DF3F40025510A /* Debug */ = {
			isa = XCBuildConfiguration;
			buildSettings = {
				HEADER_SEARCH_PATHS = (
					"$(inherited)",
					/Applications/Xcode.app/Contents/Developer/Toolchains/XcodeDefault.xctoolchain/usr/include,
					/usr/local/Cellar/boost/1.56.0/include,
				);
				LIBRARY_SEARCH_PATHS = (
					"$(inherited)",
					"$(PROJECT_DIR)/Cinder/lib",
				);
				PRODUCT_NAME = "$(TARGET_NAME)";
			};
			name = Debug;
		};
		EC810FB31A1DF3F40025510A /* Release */ = {
			isa = XCBuildConfiguration;
			buildSettings = {
				LIBRARY_SEARCH_PATHS = (
					"$(inherited)",
					"$(PROJECT_DIR)/Cinder/lib",
				);
				PRODUCT_NAME = "$(TARGET_NAME)";
			};
			name = Release;
		};
/* End XCBuildConfiguration section */

/* Begin XCConfigurationList section */
		EC810FA51A1DF3F40025510A /* Build configuration list for PBXProject "cinder_boost_practice" */ = {
			isa = XCConfigurationList;
			buildConfigurations = (
				EC810FAF1A1DF3F40025510A /* Debug */,
				EC810FB01A1DF3F40025510A /* Release */,
			);
			defaultConfigurationIsVisible = 0;
			defaultConfigurationName = Release;
		};
		EC810FB11A1DF3F40025510A /* Build configuration list for PBXNativeTarget "cinder_boost_practice" */ = {
			isa = XCConfigurationList;
			buildConfigurations = (
				EC810FB21A1DF3F40025510A /* Debug */,
				EC810FB31A1DF3F40025510A /* Release */,
			);
			defaultConfigurationIsVisible = 0;
			defaultConfigurationName = Release;
		};
/* End XCConfigurationList section */
	};
	rootObject = EC810FA21A1DF3F40025510A /* Project object */;
}
